
Microsoft Visual Studio Solution File, Format Version 12.00
# Visual Studio Version 17
VisualStudioVersion = 17.9.34728.123
MinimumVisualStudioVersion = 10.0.40219.1
Project("{2150E333-8FDC-42A3-9474-1A3956D46DE8}") = "Core", "Core", "{18CFC77B-3D28-42F1-AC2F-882DED58096D}"
EndProject
Project("{9A19103F-16F7-4668-BE54-9A1E7A4F7556}") = "CarBook.Domain", "Core\CarBook.Domain\CarBook.Domain.csproj", "{0A9F55DC-EA74-45CE-91F2-6335DABC7964}"
EndProject
Project("{2150E333-8FDC-42A3-9474-1A3956D46DE8}") = "Infrastructure", "Infrastructure", "{7208BB55-9E4C-455F-A03F-22EF79F2DFCC}"
EndProject
Project("{9A19103F-16F7-4668-BE54-9A1E7A4F7556}") = "CarBook.Persistence", "Infrastructure\CarBook.Persistence\CarBook.Persistence.csproj", "{2857BA29-3062-4768-9F9A-765019D1E10B}"
EndProject
Project("{2150E333-8FDC-42A3-9474-1A3956D46DE8}") = "Presentation", "Presentation", "{B73B8443-7CF4-4BD6-B167-EB629A9DE040}"
EndProject
Project("{9A19103F-16F7-4668-BE54-9A1E7A4F7556}") = "CarBook.WebApi", "Presentation\CarBook.WebApi\CarBook.WebApi.csproj", "{19F598FD-EDB2-48FB-B2D8-520862D3ABFB}"
EndProject
Project("{9A19103F-16F7-4668-BE54-9A1E7A4F7556}") = "CarBook.Application", "Core\CarBook.Application\CarBook.Application.csproj", "{D22BD5AE-D218-4506-A09E-03296564BFA4}"
EndProject
Project("{2150E333-8FDC-42A3-9474-1A3956D46DE8}") = "Frontends", "Frontends", "{E6784689-825A-4C82-BA91-4F351AAC77FD}"
EndProject
Project("{9A19103F-16F7-4668-BE54-9A1E7A4F7556}") = "CarBook.WebUI", "Frontends\CarBook.WebUI\CarBook.WebUI.csproj", "{55246F0A-C0BC-40A3-9550-A3ED4FB1AABA}"
EndProject
Project("{FAE04EC0-301F-11D3-BF4B-00C04F79EFBC}") = "CarBook.Dto", "Frontends\CarBook.Dto\CarBook.Dto.csproj", "{8DC92EC4-6FC5-4363-B03B-B903D71E06D3}"
EndProject
Global
	GlobalSection(SolutionConfigurationPlatforms) = preSolution
		Debug|Any CPU = Debug|Any CPU
		Release|Any CPU = Release|Any CPU
	EndGlobalSection
	GlobalSection(ProjectConfigurationPlatforms) = postSolution
		{0A9F55DC-EA74-45CE-91F2-6335DABC7964}.Debug|Any CPU.ActiveCfg = Debug|Any CPU
		{0A9F55DC-EA74-45CE-91F2-6335DABC7964}.Debug|Any CPU.Build.0 = Debug|Any CPU
		{0A9F55DC-EA74-45CE-91F2-6335DABC7964}.Release|Any CPU.ActiveCfg = Release|Any CPU
		{0A9F55DC-EA74-45CE-91F2-6335DABC7964}.Release|Any CPU.Build.0 = Release|Any CPU
		{2857BA29-3062-4768-9F9A-765019D1E10B}.Debug|Any CPU.ActiveCfg = Debug|Any CPU
		{2857BA29-3062-4768-9F9A-765019D1E10B}.Debug|Any CPU.Build.0 = Debug|Any CPU
		{2857BA29-3062-4768-9F9A-765019D1E10B}.Release|Any CPU.ActiveCfg = Release|Any CPU
		{2857BA29-3062-4768-9F9A-765019D1E10B}.Release|Any CPU.Build.0 = Release|Any CPU
		{19F598FD-EDB2-48FB-B2D8-520862D3ABFB}.Debug|Any CPU.ActiveCfg = Debug|Any CPU
		{19F598FD-EDB2-48FB-B2D8-520862D3ABFB}.Debug|Any CPU.Build.0 = Debug|Any CPU
		{19F598FD-EDB2-48FB-B2D8-520862D3ABFB}.Release|Any CPU.ActiveCfg = Release|Any CPU
		{19F598FD-EDB2-48FB-B2D8-520862D3ABFB}.Release|Any CPU.Build.0 = Release|Any CPU
		{D22BD5AE-D218-4506-A09E-03296564BFA4}.Debug|Any CPU.ActiveCfg = Debug|Any CPU
		{D22BD5AE-D218-4506-A09E-03296564BFA4}.Debug|Any CPU.Build.0 = Debug|Any CPU
		{D22BD5AE-D218-4506-A09E-03296564BFA4}.Release|Any CPU.ActiveCfg = Release|Any CPU
		{D22BD5AE-D218-4506-A09E-03296564BFA4}.Release|Any CPU.Build.0 = Release|Any CPU
		{55246F0A-C0BC-40A3-9550-A3ED4FB1AABA}.Debug|Any CPU.ActiveCfg = Debug|Any CPU
		{55246F0A-C0BC-40A3-9550-A3ED4FB1AABA}.Debug|Any CPU.Build.0 = Debug|Any CPU
		{55246F0A-C0BC-40A3-9550-A3ED4FB1AABA}.Release|Any CPU.ActiveCfg = Release|Any CPU
		{55246F0A-C0BC-40A3-9550-A3ED4FB1AABA}.Release|Any CPU.Build.0 = Release|Any CPU
		{8DC92EC4-6FC5-4363-B03B-B903D71E06D3}.Debug|Any CPU.ActiveCfg = Debug|Any CPU
		{8DC92EC4-6FC5-4363-B03B-B903D71E06D3}.Debug|Any CPU.Build.0 = Debug|Any CPU
		{8DC92EC4-6FC5-4363-B03B-B903D71E06D3}.Release|Any CPU.ActiveCfg = Release|Any CPU
		{8DC92EC4-6FC5-4363-B03B-B903D71E06D3}.Release|Any CPU.Build.0 = Release|Any CPU
	EndGlobalSection
	GlobalSection(SolutionProperties) = preSolution
		HideSolutionNode = FALSE
	EndGlobalSection
	GlobalSection(NestedProjects) = preSolution
		{0A9F55DC-EA74-45CE-91F2-6335DABC7964} = {18CFC77B-3D28-42F1-AC2F-882DED58096D}
		{2857BA29-3062-4768-9F9A-765019D1E10B} = {7208BB55-9E4C-455F-A03F-22EF79F2DFCC}
		{19F598FD-EDB2-48FB-B2D8-520862D3ABFB} = {B73B8443-7CF4-4BD6-B167-EB629A9DE040}
		{D22BD5AE-D218-4506-A09E-03296564BFA4} = {18CFC77B-3D28-42F1-AC2F-882DED58096D}
		{55246F0A-C0BC-40A3-9550-A3ED4FB1AABA} = {E6784689-825A-4C82-BA91-4F351AAC77FD}
		{8DC92EC4-6FC5-4363-B03B-B903D71E06D3} = {E6784689-825A-4C82-BA91-4F351AAC77FD}
	EndGlobalSection
	GlobalSection(ExtensibilityGlobals) = postSolution
		SolutionGuid = {66608496-0E68-4F37-B875-D14119C817DA}
	EndGlobalSection
EndGlobal
